
Microsoft Visual Studio Solution File, Format Version 12.00
# Visual Studio 2013
VisualStudioVersion = 12.0.31101.0
MinimumVisualStudioVersion = 10.0.40219.1
Project("{FAE04EC0-301F-11D3-BF4B-00C04F79EFBC}") = "Epoint.Systems.Commons", "Epoint.Systems.Commons.csproj", "{4835B1EA-98FC-45F8-98D9-3562D8D38C13}"
EndProject
Project("{FAE04EC0-301F-11D3-BF4B-00C04F79EFBC}") = "Start", "..\Start\Start.csproj", "{1C15CF46-7BD9-4744-B21D-3FE765DB75C6}"
EndProject
Global
	GlobalSection(SolutionConfigurationPlatforms) = preSolution
		Debug|Any CPU = Debug|Any CPU
		Release|Any CPU = Release|Any CPU
	EndGlobalSection
	GlobalSection(ProjectConfigurationPlatforms) = postSolution
		{4835B1EA-98FC-45F8-98D9-3562D8D38C13}.Debug|Any CPU.ActiveCfg = Debug|Any CPU
		{4835B1EA-98FC-45F8-98D9-3562D8D38C13}.Debug|Any CPU.Build.0 = Debug|Any CPU
		{4835B1EA-98FC-45F8-98D9-3562D8D38C13}.Release|Any CPU.ActiveCfg = Release|Any CPU
		{4835B1EA-98FC-45F8-98D9-3562D8D38C13}.Release|Any CPU.Build.0 = Release|Any CPU
		{1C15CF46-7BD9-4744-B21D-3FE765DB75C6}.Debug|Any CPU.ActiveCfg = Debug|Any CPU
		{1C15CF46-7BD9-4744-B21D-3FE765DB75C6}.Debug|Any CPU.Build.0 = Debug|Any CPU
		{1C15CF46-7BD9-4744-B21D-3FE765DB75C6}.Release|Any CPU.ActiveCfg = Release|Any CPU
		{1C15CF46-7BD9-4744-B21D-3FE765DB75C6}.Release|Any CPU.Build.0 = Release|Any CPU
	EndGlobalSection
	GlobalSection(SolutionProperties) = preSolution
		HideSolutionNode = FALSE
	EndGlobalSection
EndGlobal
