
Microsoft Visual Studio Solution File, Format Version 12.00
# Visual Studio 14
VisualStudioVersion = 14.0.25420.1
MinimumVisualStudioVersion = 10.0.40219.1
Project("{FAE04EC0-301F-11D3-BF4B-00C04F79EFBC}") = "Epoint.Systems.Elements", "Epoint.Systems.Elements.csproj", "{BD4A1CD0-859A-432D-BF9A-8EEF6D559998}"
EndProject
Project("{FAE04EC0-301F-11D3-BF4B-00C04F79EFBC}") = "Start", "..\Start\Start.csproj", "{1C15CF46-7BD9-4744-B21D-3FE765DB75C6}"
EndProject
Global
	GlobalSection(SolutionConfigurationPlatforms) = preSolution
		Debug|Any CPU = Debug|Any CPU
		Release|Any CPU = Release|Any CPU
	EndGlobalSection
	GlobalSection(ProjectConfigurationPlatforms) = postSolution
		{BD4A1CD0-859A-432D-BF9A-8EEF6D559998}.Debug|Any CPU.ActiveCfg = Debug|Any CPU
		{BD4A1CD0-859A-432D-BF9A-8EEF6D559998}.Debug|Any CPU.Build.0 = Debug|Any CPU
		{BD4A1CD0-859A-432D-BF9A-8EEF6D559998}.Release|Any CPU.ActiveCfg = Release|Any CPU
		{BD4A1CD0-859A-432D-BF9A-8EEF6D559998}.Release|Any CPU.Build.0 = Release|Any CPU
		{1C15CF46-7BD9-4744-B21D-3FE765DB75C6}.Debug|Any CPU.ActiveCfg = Debug|Any CPU
		{1C15CF46-7BD9-4744-B21D-3FE765DB75C6}.Debug|Any CPU.Build.0 = Debug|Any CPU
		{1C15CF46-7BD9-4744-B21D-3FE765DB75C6}.Release|Any CPU.ActiveCfg = Release|Any CPU
		{1C15CF46-7BD9-4744-B21D-3FE765DB75C6}.Release|Any CPU.Build.0 = Release|Any CPU
	EndGlobalSection
	GlobalSection(SolutionProperties) = preSolution
		HideSolutionNode = FALSE
	EndGlobalSection
	GlobalSection(TeamFoundationVersionControl) = preSolution
		SccNumberOfProjects = 3
		SccEnterpriseProvider = {4CA58AB2-18FA-4F8D-95D4-32DDF27D184C}
		SccTeamFoundationServer = http://epoint.ddns.info:12111/tfs/epointerp
		SccProjectUniqueName0 = ..\\Start\\Start.csproj
		SccProjectName0 = ../Start
		SccLocalPath0 = ..\\Start
		SccLocalPath1 = .
		SccProjectUniqueName2 = Epoint.Systems.Elements.csproj
		SccLocalPath2 = .
	EndGlobalSection
EndGlobal
