
Microsoft Visual Studio Solution File, Format Version 11.00
# Visual Studio 2010
Project("{FAE04EC0-301F-11D3-BF4B-00C04F79EFBC}") = "Epoint.Controllers", "Epoint.Systems.Controllers\Epoint.Controllers.csproj", "{DBA921F3-7E56-43C1-842F-4FAC9DB0A58F}"
EndProject
Project("{FAE04EC0-301F-11D3-BF4B-00C04F79EFBC}") = "Start", "Start\Start.csproj", "{1C15CF46-7BD9-4744-B21D-3FE765DB75C6}"
EndProject
Global
	GlobalSection(TeamFoundationVersionControl) = preSolution
		SccNumberOfProjects = 3
		SccEnterpriseProvider = {4CA58AB2-18FA-4F8D-95D4-32DDF27D184C}
		SccTeamFoundationServer = http://epoint.myftp.org:8080/tfs/epoint
		SccLocalPath0 = .
		SccProjectUniqueName1 = Epoint.Systems.Controllers\\Epoint.Controllers.csproj
		SccProjectName1 = Epoint.Systems.Controllers
		SccLocalPath1 = Epoint.Systems.Controllers
		SccProjectUniqueName2 = Start\\Start.csproj
		SccProjectName2 = Start
		SccLocalPath2 = Start
	EndGlobalSection
	GlobalSection(SolutionConfigurationPlatforms) = preSolution
		Debug|Any CPU = Debug|Any CPU
		Release|Any CPU = Release|Any CPU
	EndGlobalSection
	GlobalSection(ProjectConfigurationPlatforms) = postSolution
		{DBA921F3-7E56-43C1-842F-4FAC9DB0A58F}.Debug|Any CPU.ActiveCfg = Debug|Any CPU
		{DBA921F3-7E56-43C1-842F-4FAC9DB0A58F}.Debug|Any CPU.Build.0 = Debug|Any CPU
		{DBA921F3-7E56-43C1-842F-4FAC9DB0A58F}.Release|Any CPU.ActiveCfg = Release|Any CPU
		{DBA921F3-7E56-43C1-842F-4FAC9DB0A58F}.Release|Any CPU.Build.0 = Release|Any CPU
		{1C15CF46-7BD9-4744-B21D-3FE765DB75C6}.Debug|Any CPU.ActiveCfg = Debug|Any CPU
		{1C15CF46-7BD9-4744-B21D-3FE765DB75C6}.Debug|Any CPU.Build.0 = Debug|Any CPU
		{1C15CF46-7BD9-4744-B21D-3FE765DB75C6}.Release|Any CPU.ActiveCfg = Release|Any CPU
		{1C15CF46-7BD9-4744-B21D-3FE765DB75C6}.Release|Any CPU.Build.0 = Release|Any CPU
	EndGlobalSection
	GlobalSection(SolutionProperties) = preSolution
		HideSolutionNode = FALSE
	EndGlobalSection
EndGlobal
